
Microsoft Visual Studio Solution File, Format Version 12.00
# Visual Studio 15
VisualStudioVersion = 15.0.27428.1
MinimumVisualStudioVersion = 10.0.40219.1
Project("{FAE04EC0-301F-11D3-BF4B-00C04F79EFBC}") = "HttpClient_API_TestFramework", "HttpClient_API_TestFramework\HttpClient_API_TestFramework.csproj", "{6DC0504C-D575-4B45-89D8-20ABC4E64438}"
EndProject
Project("{FAE04EC0-301F-11D3-BF4B-00C04F79EFBC}") = "Students_API_Test", "Products_API_Test\Students_API_Test.csproj", "{774CBF79-D438-4666-ADEC-8C4085B16B01}"
EndProject
Global
	GlobalSection(SolutionConfigurationPlatforms) = preSolution
		Debug|Any CPU = Debug|Any CPU
		Release|Any CPU = Release|Any CPU
	EndGlobalSection
	GlobalSection(ProjectConfigurationPlatforms) = postSolution
		{6DC0504C-D575-4B45-89D8-20ABC4E64438}.Debug|Any CPU.ActiveCfg = Debug|Any CPU
		{6DC0504C-D575-4B45-89D8-20ABC4E64438}.Debug|Any CPU.Build.0 = Debug|Any CPU
		{6DC0504C-D575-4B45-89D8-20ABC4E64438}.Release|Any CPU.ActiveCfg = Release|Any CPU
		{6DC0504C-D575-4B45-89D8-20ABC4E64438}.Release|Any CPU.Build.0 = Release|Any CPU
		{774CBF79-D438-4666-ADEC-8C4085B16B01}.Debug|Any CPU.ActiveCfg = Debug|Any CPU
		{774CBF79-D438-4666-ADEC-8C4085B16B01}.Debug|Any CPU.Build.0 = Debug|Any CPU
		{774CBF79-D438-4666-ADEC-8C4085B16B01}.Release|Any CPU.ActiveCfg = Release|Any CPU
		{774CBF79-D438-4666-ADEC-8C4085B16B01}.Release|Any CPU.Build.0 = Release|Any CPU
	EndGlobalSection
	GlobalSection(SolutionProperties) = preSolution
		HideSolutionNode = FALSE
	EndGlobalSection
	GlobalSection(ExtensibilityGlobals) = postSolution
		SolutionGuid = {17FA0AD3-2A40-4070-928F-2632270C3A18}
	EndGlobalSection
EndGlobal
